{
  "nodes": {
    "flake-compat": {
      "flake": false,
      "locked": {
        "lastModified": 1627913399,
        "narHash": "sha256-hY8g6H2KFL8ownSiFeMOjwPC8P0ueXpCVEbxgda3pko=",
        "owner": "edolstra",
        "repo": "flake-compat",
        "rev": "12c64ca55c1014cdc1b16ed5a804aa8576601ff2",
        "type": "github"
      },
      "original": {
        "owner": "edolstra",
        "repo": "flake-compat",
        "type": "github"
      }
    },
    "flake-utils": {
      "locked": {
        "lastModified": 1638122382,
        "narHash": "sha256-sQzZzAbvKEqN9s0bzWuYmRaA03v40gaJ4+iL1LXjaeI=",
        "owner": "numtide",
        "repo": "flake-utils",
        "rev": "74f7e4319258e287b0f9cb95426c9853b282730b",
        "type": "github"
      },
      "original": {
        "owner": "numtide",
        "repo": "flake-utils",
        "type": "github"
      }
    },
    "gomod2nix": {
      "inputs": {
        "nixpkgs": [
          "photoprism-flake",
          "nixpkgs"
        ],
        "utils": "utils"
      },
      "locked": {
        "lastModified": 1627572165,
        "narHash": "sha256-MFpwnkvQpauj799b4QTBJQFEddbD02+Ln5k92QyHOSk=",
        "owner": "tweag",
        "repo": "gomod2nix",
        "rev": "67f22dd738d092c6ba88e420350ada0ed4992ae8",
        "type": "github"
      },
      "original": {
        "owner": "tweag",
        "repo": "gomod2nix",
        "type": "github"
      }
    },
    "home-manager": {
      "inputs": {
        "nixpkgs": [
          "nixpkgs"
        ]
      },
      "locked": {
        "lastModified": 1638311312,
        "narHash": "sha256-OMAd3WZ/VtMK0QQwDrrynP6+jOlWLd1yQtnW56+eZtA=",
        "owner": "nix-community",
        "repo": "home-manager",
        "rev": "f23073f1daa769a28a12ac587eea487aa8afb196",
        "type": "github"
      },
      "original": {
        "owner": "nix-community",
        "ref": "master",
        "repo": "home-manager",
        "type": "github"
      }
    },
    "neovim": {
      "inputs": {
        "flake-utils": [
          "flake-utils"
        ],
        "nixpkgs": [
          "nixpkgs"
        ]
      },
      "locked": {
        "dir": "contrib",
        "lastModified": 1638329954,
        "narHash": "sha256-xYlTATWAX9Vu0yK39mFO4UX0Yl/Xz3if+/a7iAV3kV8=",
        "owner": "neovim",
        "repo": "neovim",
        "rev": "d3585e0ec52ee828fd68c4bd3e3ec1c294e1f4a0",
        "type": "github"
      },
      "original": {
        "dir": "contrib",
        "owner": "neovim",
        "repo": "neovim",
        "type": "github"
      }
    },
    "nixos-hardware": {
      "locked": {
        "lastModified": 1638182287,
        "narHash": "sha256-vBzf+hbTJz2ZdXV/DWirl6wOO7tjdqzTIU+0FANt65U=",
        "owner": "NixOS",
        "repo": "nixos-hardware",
        "rev": "6b3f79de09c3de7c91ab51e55e87879f61b6faec",
        "type": "github"
      },
      "original": {
        "owner": "NixOS",
        "ref": "master",
        "repo": "nixos-hardware",
        "type": "github"
      }
    },
    "nixpkgs": {
      "locked": {
        "lastModified": 1638286143,
        "narHash": "sha256-A+rgjbIpz3uPRKHPXwdmouVcVn5pZqLnaZHymjkraG4=",
        "owner": "NixOS",
        "repo": "nixpkgs",
        "rev": "29d1f6e1f625d246dcf84a78ef97b4da3cafc6ea",
        "type": "github"
      },
      "original": {
        "owner": "NixOS",
        "ref": "nixos-unstable",
        "repo": "nixpkgs",
        "type": "github"
      }
    },
    "nixpkgs_2": {
      "locked": {
        "lastModified": 1637723398,
        "narHash": "sha256-DGSZANWNb6/Serix9FdTQLnjHcFTPTmI/gtBVmLn1U8=",
        "ref": "release-21.11",
        "rev": "a7e4a67cc1a95780dc3bcd082339411d74489c0d",
        "revCount": 333570,
        "type": "git",
        "url": "file:///nix/nixpkgs"
      },
      "original": {
        "id": "nixpkgs",
        "ref": "release-21.11",
        "type": "indirect"
      }
    },
    "nur": {
      "locked": {
        "lastModified": 1638346961,
        "narHash": "sha256-SFSGsuALsy0PTPPWKK3NBGyrXMzBjpZ6yeGbRZnbP9w=",
        "owner": "nix-community",
        "repo": "NUR",
        "rev": "f0d55e9643f7c21208056d4c1f038c78f309043d",
        "type": "github"
      },
      "original": {
        "owner": "nix-community",
        "ref": "master",
        "repo": "NUR",
        "type": "github"
      }
    },
    "nvim-lspfuzzy": {
      "flake": false,
      "locked": {
        "lastModified": 1636365124,
        "narHash": "sha256-wZx+tfzkX29vjGg5FFAtNstprzmEKdFOpR4RsIAJarc=",
        "owner": "ojroques",
        "repo": "nvim-lspfuzzy",
        "rev": "d589cd2061830a32bb57bb410f5278afa267d0c6",
        "type": "github"
      },
      "original": {
        "owner": "ojroques",
        "repo": "nvim-lspfuzzy",
        "type": "github"
      }
    },
    "nvim-ts-autotag": {
      "flake": false,
      "locked": {
        "lastModified": 1633755976,
        "narHash": "sha256-8SINCRoarkkQdrKzq4xujn197G4BRHQ7HYJQj929nME=",
        "owner": "windwp",
        "repo": "nvim-ts-autotag",
        "rev": "80d427af7b898768c8d8538663d52dee133da86f",
        "type": "github"
      },
      "original": {
        "owner": "windwp",
        "repo": "nvim-ts-autotag",
        "type": "github"
      }
    },
    "nvim-ts-context-commentstring": {
      "flake": false,
      "locked": {
        "lastModified": 1637433652,
        "narHash": "sha256-Vd3F476JCCvVXNkeL0QU3ki5cMdskXExFILd3usBBak=",
        "owner": "JoosepAlviste",
        "repo": "nvim-ts-context-commentstring",
        "rev": "9f5e422e1030e7073e593ad32c5354aa0bcb0176",
        "type": "github"
      },
      "original": {
        "owner": "JoosepAlviste",
        "repo": "nvim-ts-context-commentstring",
        "type": "github"
      }
    },
    "obelisk": {
      "flake": false,
      "locked": {
        "lastModified": 1608244789,
        "narHash": "sha256-fzaMcHupjoR8UMwkwikaFtvjr8CfmHN4Zgexno1HkzY=",
        "owner": "obsidiansystems",
        "repo": "obelisk",
        "rev": "7ad33cbe3e84b209e83c505ce25486445bbd602e",
        "type": "github"
      },
      "original": {
        "owner": "obsidiansystems",
        "repo": "obelisk",
        "type": "github"
      }
    },
    "photoprism": {
      "flake": false,
      "locked": {
        "lastModified": 1632588139,
        "narHash": "sha256-oDkB3x3VsvYhV4F9a5ky2E0gPmnf29DBILLjWSG4O+k=",
        "owner": "photoprism",
        "repo": "photoprism",
        "rev": "96168e4b36cfd95520267e6dadc7ccee1b69ec31",
        "type": "github"
      },
      "original": {
        "owner": "photoprism",
        "repo": "photoprism",
        "type": "github"
      }
    },
    "photoprism-flake": {
      "inputs": {
        "flake-compat": "flake-compat",
        "flake-utils": [
          "flake-utils"
        ],
        "gomod2nix": "gomod2nix",
        "nixpkgs": "nixpkgs_2",
        "photoprism": "photoprism",
        "ranz2nix": "ranz2nix"
      },
      "locked": {
        "lastModified": 1637816713,
        "narHash": "sha256-/GcZROyveHIoJoEu4GYtsrgOqN0KYeOiLMO7ysrwiww=",
        "owner": "GTrunSec",
        "repo": "photoprism-flake",
        "rev": "91157226909dbf8c31b61b6e42e2d10d959ff452",
        "type": "github"
      },
      "original": {
        "owner": "GTrunSec",
        "repo": "photoprism-flake",
        "type": "github"
      }
    },
    "pre-commit-hooks": {
      "inputs": {
        "flake-utils": [
          "flake-utils"
        ],
        "nixpkgs": [
          "nixpkgs"
        ]
      },
      "locked": {
        "lastModified": 1637745948,
        "narHash": "sha256-DmQG1bZk24eS+BAHwnHPyYIadMLKbq0d1b//iapYIPU=",
        "owner": "cachix",
        "repo": "pre-commit-hooks.nix",
        "rev": "c3b4f94350b0e59c2546fa85890cc70d03616b9c",
        "type": "github"
      },
      "original": {
        "owner": "cachix",
        "repo": "pre-commit-hooks.nix",
        "type": "github"
      }
    },
    "ranz2nix": {
      "flake": false,
      "locked": {
        "lastModified": 1594668772,
        "narHash": "sha256-JE7lk0rDP5itZqWOwjuv8N18xLbGc6XL/0u9rMnhXUk=",
        "owner": "andir",
        "repo": "ranz2nix",
        "rev": "637276c3110716d2a798e737fe62e54b37190d50",
        "type": "github"
      },
      "original": {
        "owner": "andir",
        "repo": "ranz2nix",
        "type": "github"
      }
    },
    "root": {
      "inputs": {
        "flake-utils": "flake-utils",
        "home-manager": "home-manager",
        "neovim": "neovim",
        "nixos-hardware": "nixos-hardware",
        "nixpkgs": "nixpkgs",
        "nur": "nur",
        "nvim-lspfuzzy": "nvim-lspfuzzy",
        "nvim-ts-autotag": "nvim-ts-autotag",
        "nvim-ts-context-commentstring": "nvim-ts-context-commentstring",
        "obelisk": "obelisk",
        "photoprism-flake": "photoprism-flake",
        "pre-commit-hooks": "pre-commit-hooks"
      }
    },
    "utils": {
      "locked": {
        "lastModified": 1623875721,
        "narHash": "sha256-A8BU7bjS5GirpAUv4QA+QnJ4CceLHkcXdRp4xITDB0s=",
        "owner": "numtide",
        "repo": "flake-utils",
        "rev": "f7e004a55b120c02ecb6219596820fcd32ca8772",
        "type": "github"
      },
      "original": {
        "owner": "numtide",
        "repo": "flake-utils",
        "type": "github"
      }
    }
  },
  "root": "root",
  "version": 7
}
