{
  "nodes": {
    "flake-compat": {
      "flake": false,
      "locked": {
        "lastModified": 1627913399,
        "narHash": "sha256-hY8g6H2KFL8ownSiFeMOjwPC8P0ueXpCVEbxgda3pko=",
        "owner": "edolstra",
        "repo": "flake-compat",
        "rev": "12c64ca55c1014cdc1b16ed5a804aa8576601ff2",
        "type": "github"
      },
      "original": {
        "owner": "edolstra",
        "repo": "flake-compat",
        "type": "github"
      }
    },
    "flake-utils": {
      "locked": {
        "lastModified": 1631561581,
        "narHash": "sha256-3VQMV5zvxaVLvqqUrNz3iJelLw30mIVSfZmAaauM3dA=",
        "owner": "numtide",
        "repo": "flake-utils",
        "rev": "7e5bf3925f6fbdfaf50a2a7ca0be2879c4261d19",
        "type": "github"
      },
      "original": {
        "owner": "numtide",
        "repo": "flake-utils",
        "type": "github"
      }
    },
    "gomod2nix": {
      "inputs": {
        "nixpkgs": [
          "photoprism-flake",
          "nixpkgs"
        ],
        "utils": "utils"
      },
      "locked": {
        "lastModified": 1627572165,
        "narHash": "sha256-MFpwnkvQpauj799b4QTBJQFEddbD02+Ln5k92QyHOSk=",
        "owner": "tweag",
        "repo": "gomod2nix",
        "rev": "67f22dd738d092c6ba88e420350ada0ed4992ae8",
        "type": "github"
      },
      "original": {
        "owner": "tweag",
        "repo": "gomod2nix",
        "type": "github"
      }
    },
    "home-manager": {
      "inputs": {
        "nixpkgs": [
          "nixpkgs"
        ]
      },
      "locked": {
        "lastModified": 1633531796,
        "narHash": "sha256-fm1tcPf9yB+4ySxKETQk6hVpmbYZPVb27fEJFuIz6fA=",
        "owner": "nix-community",
        "repo": "home-manager",
        "rev": "d9fe208f3ccd7047a29eb31fd0cd3191c4445323",
        "type": "github"
      },
      "original": {
        "owner": "nix-community",
        "ref": "master",
        "repo": "home-manager",
        "type": "github"
      }
    },
    "neovim": {
      "inputs": {
        "flake-utils": [
          "flake-utils"
        ],
        "nixpkgs": [
          "nixpkgs"
        ]
      },
      "locked": {
        "dir": "contrib",
        "lastModified": 1633655970,
        "narHash": "sha256-yM6rNs3tSi753imaz/4fi/oFwibKO7WEMIeZCJJ3vrc=",
        "owner": "neovim",
        "repo": "neovim",
        "rev": "7f93b2ab01c93720820712a3c81462a58d04dfa0",
        "type": "github"
      },
      "original": {
        "dir": "contrib",
        "owner": "neovim",
        "repo": "neovim",
        "type": "github"
      }
    },
    "nixos-hardware": {
      "locked": {
        "lastModified": 1632990363,
        "narHash": "sha256-SNqz+9Vt4yDHqw8u/CMFdzMQTulKoMlVGJdshfcb5O0=",
        "owner": "NixOS",
        "repo": "nixos-hardware",
        "rev": "0a8b8054c9920368a3c15e6d766188fdf04b736f",
        "type": "github"
      },
      "original": {
        "owner": "NixOS",
        "ref": "master",
        "repo": "nixos-hardware",
        "type": "github"
      }
    },
    "nixpkgs": {
      "locked": {
        "lastModified": 1633528625,
        "narHash": "sha256-AGj5q58eHACAe0RQGxObrGwMUsjMozTsiznhsLCYisQ=",
        "owner": "NixOS",
        "repo": "nixpkgs",
        "rev": "5e2018f7b383aeca6824a30c0cd1978c9532a46a",
        "type": "github"
      },
      "original": {
        "owner": "NixOS",
        "ref": "nixos-unstable",
        "repo": "nixpkgs",
        "type": "github"
      }
    },
    "nixpkgs_2": {
      "locked": {
        "lastModified": 1632523841,
        "narHash": "sha256-tNAF2+yBX5F3pHEhYv+ge7FSx2ygrwhdPkD5ekGQAWE=",
        "ref": "release-21.05",
        "rev": "02b76b051510e4b2b2a25acea194c35fddf712e2",
        "revCount": 294836,
        "type": "git",
        "url": "file:///nix/nixpkgs"
      },
      "original": {
        "id": "nixpkgs",
        "ref": "release-21.05",
        "type": "indirect"
      }
    },
    "nur": {
      "locked": {
        "lastModified": 1633681657,
        "narHash": "sha256-rKOSbGydRIpTdpsLs/o3OC6tB+WKvaCun2gZaJWurF4=",
        "owner": "nix-community",
        "repo": "NUR",
        "rev": "1500257d04867f63cfa6b3dbbdab90c6265147d8",
        "type": "github"
      },
      "original": {
        "owner": "nix-community",
        "ref": "master",
        "repo": "NUR",
        "type": "github"
      }
    },
    "nvim-ts-autotag": {
      "flake": false,
      "locked": {
        "lastModified": 1628091479,
        "narHash": "sha256-NJHxsL7oF7ZRKOlFMpEdcWoBH+/21Pk0uy5ljmlHe4c=",
        "owner": "windwp",
        "repo": "nvim-ts-autotag",
        "rev": "99ba1f6d80842a4d82ff49fc0aa094fb9d199219",
        "type": "github"
      },
      "original": {
        "owner": "windwp",
        "repo": "nvim-ts-autotag",
        "type": "github"
      }
    },
    "nvim-ts-context-commentstring": {
      "flake": false,
      "locked": {
        "lastModified": 1631213681,
        "narHash": "sha256-H/Qh5SVROc0b5z5tmwH2miLtPWKoUkDaPjax27+Tyf0=",
        "owner": "JoosepAlviste",
        "repo": "nvim-ts-context-commentstring",
        "rev": "a2283cfc9f4aa892349004153ab54dfe8911241c",
        "type": "github"
      },
      "original": {
        "owner": "JoosepAlviste",
        "repo": "nvim-ts-context-commentstring",
        "type": "github"
      }
    },
    "obelisk": {
      "flake": false,
      "locked": {
        "lastModified": 1608244789,
        "narHash": "sha256-fzaMcHupjoR8UMwkwikaFtvjr8CfmHN4Zgexno1HkzY=",
        "owner": "obsidiansystems",
        "repo": "obelisk",
        "rev": "7ad33cbe3e84b209e83c505ce25486445bbd602e",
        "type": "github"
      },
      "original": {
        "owner": "obsidiansystems",
        "repo": "obelisk",
        "type": "github"
      }
    },
    "photoprism": {
      "flake": false,
      "locked": {
        "lastModified": 1632588139,
        "narHash": "sha256-oDkB3x3VsvYhV4F9a5ky2E0gPmnf29DBILLjWSG4O+k=",
        "owner": "photoprism",
        "repo": "photoprism",
        "rev": "96168e4b36cfd95520267e6dadc7ccee1b69ec31",
        "type": "github"
      },
      "original": {
        "owner": "photoprism",
        "repo": "photoprism",
        "type": "github"
      }
    },
    "photoprism-flake": {
      "inputs": {
        "flake-compat": "flake-compat",
        "flake-utils": [
          "flake-utils"
        ],
        "gomod2nix": "gomod2nix",
        "nixpkgs": "nixpkgs_2",
        "photoprism": "photoprism",
        "ranz2nix": "ranz2nix"
      },
      "locked": {
        "lastModified": 1632598951,
        "narHash": "sha256-/B8XYGEU/8nzyNw8q6ubzTUKTDA+/g1t999XsnXBxb4=",
        "owner": "GTrunSec",
        "repo": "photoprism-flake",
        "rev": "b9cd5ed8c2fe0bfe6bfa8a03c3d163b664a122e6",
        "type": "github"
      },
      "original": {
        "owner": "GTrunSec",
        "repo": "photoprism-flake",
        "type": "github"
      }
    },
    "pre-commit-hooks": {
      "inputs": {
        "flake-utils": [
          "flake-utils"
        ],
        "nixpkgs": [
          "nixpkgs"
        ]
      },
      "locked": {
        "lastModified": 1631170176,
        "narHash": "sha256-RLN/kur2Kpxt0cJp0Fms8ixuGpT8IHX0OpeQ8u8f0X4=",
        "owner": "cachix",
        "repo": "pre-commit-hooks.nix",
        "rev": "3ed0e618cebc1ff291c27b749cf7568959cac028",
        "type": "github"
      },
      "original": {
        "owner": "cachix",
        "repo": "pre-commit-hooks.nix",
        "type": "github"
      }
    },
    "ranz2nix": {
      "flake": false,
      "locked": {
        "lastModified": 1594668772,
        "narHash": "sha256-JE7lk0rDP5itZqWOwjuv8N18xLbGc6XL/0u9rMnhXUk=",
        "owner": "andir",
        "repo": "ranz2nix",
        "rev": "637276c3110716d2a798e737fe62e54b37190d50",
        "type": "github"
      },
      "original": {
        "owner": "andir",
        "repo": "ranz2nix",
        "type": "github"
      }
    },
    "root": {
      "inputs": {
        "flake-utils": "flake-utils",
        "home-manager": "home-manager",
        "neovim": "neovim",
        "nixos-hardware": "nixos-hardware",
        "nixpkgs": "nixpkgs",
        "nur": "nur",
        "nvim-ts-autotag": "nvim-ts-autotag",
        "nvim-ts-context-commentstring": "nvim-ts-context-commentstring",
        "obelisk": "obelisk",
        "photoprism-flake": "photoprism-flake",
        "pre-commit-hooks": "pre-commit-hooks"
      }
    },
    "utils": {
      "locked": {
        "lastModified": 1623875721,
        "narHash": "sha256-A8BU7bjS5GirpAUv4QA+QnJ4CceLHkcXdRp4xITDB0s=",
        "owner": "numtide",
        "repo": "flake-utils",
        "rev": "f7e004a55b120c02ecb6219596820fcd32ca8772",
        "type": "github"
      },
      "original": {
        "owner": "numtide",
        "repo": "flake-utils",
        "type": "github"
      }
    }
  },
  "root": "root",
  "version": 7
}
